Microsoft Visual Studio Solution File, Format Version 12.00
# Visual Studio Version 18
VisualStudioVersion = 18.3.11312.210 d18.3
MinimumVisualStudioVersion = 10.0.40219.1
Project("{FAE04EC0-301F-11D3-BF4B-00C04F79EFBC}") = "Ciandt.Retail.MCP", "Ciandt.Retail.MCP.csproj", "{BAB00F5D-BCAF-F010-F548-E5EA914862C9}"
EndProject
Project("{FAE04EC0-301F-11D3-BF4B-00C04F79EFBC}") = "ChatWithTools", "..\tests\ChatWithTools\ChatWithTools.csproj", "{22A73C75-0EC6-251F-9F21-58338E156CA1}"
EndProject
Global
	GlobalSection(SolutionConfigurationPlatforms) = preSolution
		Debug|Any CPU = Debug|Any CPU
		Release|Any CPU = Release|Any CPU
	EndGlobalSection
	GlobalSection(ProjectConfigurationPlatforms) = postSolution
		{BAB00F5D-BCAF-F010-F548-E5EA914862C9}.Debug|Any CPU.ActiveCfg = Debug|Any CPU
		{BAB00F5D-BCAF-F010-F548-E5EA914862C9}.Debug|Any CPU.Build.0 = Debug|Any CPU
		{BAB00F5D-BCAF-F010-F548-E5EA914862C9}.Release|Any CPU.ActiveCfg = Release|Any CPU
		{BAB00F5D-BCAF-F010-F548-E5EA914862C9}.Release|Any CPU.Build.0 = Release|Any CPU
		{22A73C75-0EC6-251F-9F21-58338E156CA1}.Debug|Any CPU.ActiveCfg = Debug|Any CPU
		{22A73C75-0EC6-251F-9F21-58338E156CA1}.Debug|Any CPU.Build.0 = Debug|Any CPU
		{22A73C75-0EC6-251F-9F21-58338E156CA1}.Release|Any CPU.ActiveCfg = Release|Any CPU
		{22A73C75-0EC6-251F-9F21-58338E156CA1}.Release|Any CPU.Build.0 = Release|Any CPU
	EndGlobalSection
	GlobalSection(SolutionProperties) = preSolution
		HideSolutionNode = FALSE
	EndGlobalSection
	GlobalSection(ExtensibilityGlobals) = postSolution
		SolutionGuid = {8759727F-A8D3-43DD-A038-4A20D4D78805}
	EndGlobalSection
EndGlobal
